# THIS IS AN AUTOGENERATED FILE. DO NOT EDIT THIS FILE DIRECTLY.
# yarn lockfile v1


"@cycle/react@^2.0.0":
  version "2.0.0"
  resolved "https://registry.yarnpkg.com/@cycle/react/-/react-2.0.0.tgz#382d32cc3e65024da5f15d2e8df492c81a2868cf"
  integrity sha512-gxUJk03U+ujKAbKpSqIgfzk+iwNIUgdIN1e696yGblCNjCwE7Cc2hhg6KAIh7Qru9hS3N/mXHPmrekKZgbfdvw==
  dependencies:
    "@cycle/run" "5.x.x"
    react "16.5.x"
    xstream "11.x.x"

"@cycle/run@5.x.x":
  version "5.2.0"
  resolved "https://registry.yarnpkg.com/@cycle/run/-/run-5.2.0.tgz#08924714d9ae7fa9260d59c1f995095596a884bc"
  integrity sha512-FTXtJ13I8MkBo7BGBH6S41/vt/Z/s23ZjyhmyTrFGCFxBH5rtIJGcuVPwbSVRlpjFq7G2Vjxd585u+0kANhNvA==
  dependencies:
    quicktask "1.1.0"
    xstream "10.x || 11.x"

"js-tokens@^3.0.0 || ^4.0.0":
  version "4.0.0"
  resolved "https://registry.yarnpkg.com/js-tokens/-/js-tokens-4.0.0.tgz#19203fb59991df98e3a287050d4647cdeaf32499"
  integrity sha512-RdJUflcE3cUzKiMqQgsCu06FPu9UdIJO0beYbPhHN4k6apgJtifcoCtT9bcxOpYBtpD2kCM6Sbzg4CausW/PKQ==

loose-envify@^1.1.0, loose-envify@^1.4.0:
  version "1.4.0"
  resolved "https://registry.yarnpkg.com/loose-envify/-/loose-envify-1.4.0.tgz#71ee51fa7be4caec1a63839f7e682d8132d30caf"
  integrity sha512-lyuxPGr/Wfhrlem2CL/UcnUc1zcqKAImBDzukY7Y5F/yQiNdko6+fRLevlw1HgMySw7f611UIY408EtxRSoK3Q==
  dependencies:
    js-tokens "^3.0.0 || ^4.0.0"

object-assign@^4.1.1:
  version "4.1.1"
  resolved "https://registry.yarnpkg.com/object-assign/-/object-assign-4.1.1.tgz#2109adc7965887cfc05cbbd442cac8bfbb360863"
  integrity sha1-IQmtx5ZYh8/AXLvUQsrIv7s2CGM=

prop-types@^15.6.2:
  version "15.7.2"
  resolved "https://registry.yarnpkg.com/prop-types/-/prop-types-15.7.2.tgz#52c41e75b8c87e72b9d9360e0206b99dcbffa6c5"
  integrity sha512-8QQikdH7//R2vurIJSutZ1smHYTcLpRWEOlHnzcWHmBYrOGUysKwSsrC89BCiFj3CbrfJ/nXFdJepOVrY1GCHQ==
  dependencies:
    loose-envify "^1.4.0"
    object-assign "^4.1.1"
    react-is "^16.8.1"

quicktask@1.1.0:
  version "1.1.0"
  resolved "https://registry.yarnpkg.com/quicktask/-/quicktask-1.1.0.tgz#70795fd5922fb122100e662118c73a06aadd7352"
  integrity sha512-b3w19IEXnt5auacLAbePVsqPyVQUwmuhJQrrWnVhm4pP8PAMg2U9vFHbAD9XYXXbMDjdLJs0x5NLqwTV8uFK4g==

react-is@^16.8.1:
  version "16.8.6"
  resolved "https://registry.yarnpkg.com/react-is/-/react-is-16.8.6.tgz#5bbc1e2d29141c9fbdfed456343fe2bc430a6a16"
  integrity sha512-aUk3bHfZ2bRSVFFbbeVS4i+lNPZr3/WM5jT2J5omUVV1zzcs1nAaf3l51ctA5FFvCRbhrH0bdAsRRQddFJZPtA==

react@16.5.x:
  version "16.5.2"
  resolved "https://registry.yarnpkg.com/react/-/react-16.5.2.tgz#19f6b444ed139baa45609eee6dc3d318b3895d42"
  integrity sha512-FDCSVd3DjVTmbEAjUNX6FgfAmQ+ypJfHUsqUJOYNCBUp1h8lqmtC+0mXJ+JjsWx4KAVTkk1vKd1hLQPvEviSuw==
  dependencies:
    loose-envify "^1.1.0"
    object-assign "^4.1.1"
    prop-types "^15.6.2"
    schedule "^0.5.0"

schedule@^0.5.0:
  version "0.5.0"
  resolved "https://registry.yarnpkg.com/schedule/-/schedule-0.5.0.tgz#c128fffa0b402488b08b55ae74bb9df55cc29cc8"
  integrity sha512-HUcJicG5Ou8xfR//c2rPT0lPIRR09vVvN81T9fqfVgBmhERUbDEQoYKjpBxbueJnCPpSu2ujXzOnRQt6x9o/jw==
  dependencies:
    object-assign "^4.1.1"

symbol-observable@1.2.0:
  version "1.2.0"
  resolved "https://registry.yarnpkg.com/symbol-observable/-/symbol-observable-1.2.0.tgz#c22688aed4eab3cdc2dfeacbb561660560a00804"
  integrity sha512-e900nM8RRtGhlV36KGEU9k65K3mPb1WV70OdjfxlG2EAuM1noi/E/BaW/uMhL7bPEssK8QV57vN3esixjUvcXQ==

"xstream@10.x || 11.x", xstream@11.x.x:
  version "11.10.0"
  resolved "https://registry.yarnpkg.com/xstream/-/xstream-11.10.0.tgz#55a2769672711220fda61678080c130a6401be3d"
  integrity sha512-jzFCiRqGtrJi2S1/RPxVFgJwWVBzy4suMPBXlhOi0BJC7VvsXgo2yOHWnOasnj24n2Dlj2Mgfl6fJXPOYmpHFA==
  dependencies:
    symbol-observable "1.2.0"
